{
	"name": "@davidcal/fec-raptorq",
	"version": "1.11.0",
	"lockfileVersion": 3,
	"requires": true,
	"packages": {
		"": {
			"name": "@davidcal/fec-raptorq",
			"version": "1.11.0",
			"license": "MIT",
			"dependencies": {
				"unsuspended-promise": "^1.0.1"
			},
			"engines": {
				"node": ">=12.0.0"
			}
		},
		"node_modules/unsuspended-promise": {
			"version": "1.0.1",
			"resolved": "https://registry.npmjs.org/unsuspended-promise/-/unsuspended-promise-1.0.1.tgz",
			"integrity": "sha512-2fHH/SpQ0tTqHIp1Ce9pNG4QOln7Zj9L2FrqnOMdfNIceiLQAOLYksvoL3/fZPz9MAhBlxkm9FSc5kE9acwUgg==",
			"license": "MIT"
		}
	}
}
